
Microsoft Visual Studio Solution File, Format Version 12.00
Project("{FAE04EC0-301F-11D3-BF4B-00C04F79EFBC}") = "FiniteFields", "FiniteFields\FiniteFields.csproj", "{412E3772-47E9-4414-85E5-BB07E5E365F0}"
EndProject
Project("{FAE04EC0-301F-11D3-BF4B-00C04F79EFBC}") = "FiniteFieldsTests", "FiniteFieldsTests\FiniteFieldsTests.csproj", "{6DF525B1-2AF4-4E36-B3AB-EE56B843DF26}"
EndProject
Global
	GlobalSection(SolutionConfigurationPlatforms) = preSolution
		Debug|Any CPU = Debug|Any CPU
		Release|Any CPU = Release|Any CPU
	EndGlobalSection
	GlobalSection(ProjectConfigurationPlatforms) = postSolution
		{412E3772-47E9-4414-85E5-BB07E5E365F0}.Debug|Any CPU.ActiveCfg = Debug|Any CPU
		{412E3772-47E9-4414-85E5-BB07E5E365F0}.Debug|Any CPU.Build.0 = Debug|Any CPU
		{412E3772-47E9-4414-85E5-BB07E5E365F0}.Release|Any CPU.ActiveCfg = Release|Any CPU
		{412E3772-47E9-4414-85E5-BB07E5E365F0}.Release|Any CPU.Build.0 = Release|Any CPU
		{6DF525B1-2AF4-4E36-B3AB-EE56B843DF26}.Debug|Any CPU.ActiveCfg = Debug|Any CPU
		{6DF525B1-2AF4-4E36-B3AB-EE56B843DF26}.Debug|Any CPU.Build.0 = Debug|Any CPU
		{6DF525B1-2AF4-4E36-B3AB-EE56B843DF26}.Release|Any CPU.ActiveCfg = Release|Any CPU
		{6DF525B1-2AF4-4E36-B3AB-EE56B843DF26}.Release|Any CPU.Build.0 = Release|Any CPU
	EndGlobalSection
EndGlobal
